
Microsoft Visual Studio Solution File, Format Version 12.00
# Visual Studio Version 17
VisualStudioVersion = 17.7.34221.43
MinimumVisualStudioVersion = 10.0.40219.1
Project("{FAE04EC0-301F-11D3-BF4B-00C04F79EFBC}") = "challengeApp1", "challengeApp1\challengeApp1.csproj", "{92BB9DA8-EAD2-41E8-A569-140ACFA10817}"
EndProject
Global
	GlobalSection(SolutionConfigurationPlatforms) = preSolution
		Debug|Any CPU = Debug|Any CPU
		Release|Any CPU = Release|Any CPU
	EndGlobalSection
	GlobalSection(ProjectConfigurationPlatforms) = postSolution
		{92BB9DA8-EAD2-41E8-A569-140ACFA10817}.Debug|Any CPU.ActiveCfg = Debug|Any CPU
		{92BB9DA8-EAD2-41E8-A569-140ACFA10817}.Debug|Any CPU.Build.0 = Debug|Any CPU
		{92BB9DA8-EAD2-41E8-A569-140ACFA10817}.Release|Any CPU.ActiveCfg = Release|Any CPU
		{92BB9DA8-EAD2-41E8-A569-140ACFA10817}.Release|Any CPU.Build.0 = Release|Any CPU
	EndGlobalSection
	GlobalSection(SolutionProperties) = preSolution
		HideSolutionNode = FALSE
	EndGlobalSection
	GlobalSection(ExtensibilityGlobals) = postSolution
		SolutionGuid = {27D7D7CC-6807-42E6-889A-B9EEDF88B4B0}
	EndGlobalSection
EndGlobal
